
Microsoft Visual Studio Solution File, Format Version 12.00
# Visual Studio Version 17
VisualStudioVersion = 17.12.35527.113
MinimumVisualStudioVersion = 10.0.40219.1
Project("{FAE04EC0-301F-11D3-BF4B-00C04F79EFBC}") = "Lection0116", "Lection0116\Lection0116.csproj", "{B18A2BD4-0CE4-407E-930D-E8D2EDFD971D}"
EndProject
Project("{FAE04EC0-301F-11D3-BF4B-00C04F79EFBC}") = "Lection0116Tests", "Lection0116Tests\Lection0116Tests.csproj", "{FE6FDD6A-7075-48DA-8152-D76A86A2556B}"
EndProject
Project("{FAE04EC0-301F-11D3-BF4B-00C04F79EFBC}") = "Lection0117", "Lection0117\Lection0117.csproj", "{3CF0498B-8893-4CF3-A837-72F490F7CC7F}"
EndProject
Project("{FAE04EC0-301F-11D3-BF4B-00C04F79EFBC}") = "Lection0125", "Lection0125\Lection0125.csproj", "{9E1B6DAA-2DBE-405B-A222-108EDAE464CD}"
EndProject
Project("{FAE04EC0-301F-11D3-BF4B-00C04F79EFBC}") = "Lection0128", "Lection0128\Lection0128.csproj", "{B34DDC40-C598-4F8B-93CC-F71A82308779}"
EndProject
Project("{FAE04EC0-301F-11D3-BF4B-00C04F79EFBC}") = "Lection0130", "Lection0130\Lection0130.csproj", "{63611263-018F-4CE8-A8F7-755E84DB975A}"
EndProject
Project("{FAE04EC0-301F-11D3-BF4B-00C04F79EFBC}") = "Lection0131", "Lection0131\Lection0131.csproj", "{F2A8C457-3B4F-4BB9-B79A-835EAB76AB8F}"
EndProject
Project("{FAE04EC0-301F-11D3-BF4B-00C04F79EFBC}") = "Lection0203", "Lections0203\Lection0203.csproj", "{0D6A1EC1-5A25-45C7-B611-13ECDA21E787}"
EndProject
Global
	GlobalSection(SolutionConfigurationPlatforms) = preSolution
		Debug|Any CPU = Debug|Any CPU
		Release|Any CPU = Release|Any CPU
	EndGlobalSection
	GlobalSection(ProjectConfigurationPlatforms) = postSolution
		{B18A2BD4-0CE4-407E-930D-E8D2EDFD971D}.Debug|Any CPU.ActiveCfg = Debug|Any CPU
		{B18A2BD4-0CE4-407E-930D-E8D2EDFD971D}.Debug|Any CPU.Build.0 = Debug|Any CPU
		{B18A2BD4-0CE4-407E-930D-E8D2EDFD971D}.Release|Any CPU.ActiveCfg = Release|Any CPU
		{B18A2BD4-0CE4-407E-930D-E8D2EDFD971D}.Release|Any CPU.Build.0 = Release|Any CPU
		{FE6FDD6A-7075-48DA-8152-D76A86A2556B}.Debug|Any CPU.ActiveCfg = Debug|Any CPU
		{FE6FDD6A-7075-48DA-8152-D76A86A2556B}.Debug|Any CPU.Build.0 = Debug|Any CPU
		{FE6FDD6A-7075-48DA-8152-D76A86A2556B}.Release|Any CPU.ActiveCfg = Release|Any CPU
		{FE6FDD6A-7075-48DA-8152-D76A86A2556B}.Release|Any CPU.Build.0 = Release|Any CPU
		{3CF0498B-8893-4CF3-A837-72F490F7CC7F}.Debug|Any CPU.ActiveCfg = Debug|Any CPU
		{3CF0498B-8893-4CF3-A837-72F490F7CC7F}.Debug|Any CPU.Build.0 = Debug|Any CPU
		{3CF0498B-8893-4CF3-A837-72F490F7CC7F}.Release|Any CPU.ActiveCfg = Release|Any CPU
		{3CF0498B-8893-4CF3-A837-72F490F7CC7F}.Release|Any CPU.Build.0 = Release|Any CPU
		{9E1B6DAA-2DBE-405B-A222-108EDAE464CD}.Debug|Any CPU.ActiveCfg = Debug|Any CPU
		{9E1B6DAA-2DBE-405B-A222-108EDAE464CD}.Debug|Any CPU.Build.0 = Debug|Any CPU
		{9E1B6DAA-2DBE-405B-A222-108EDAE464CD}.Release|Any CPU.ActiveCfg = Release|Any CPU
		{9E1B6DAA-2DBE-405B-A222-108EDAE464CD}.Release|Any CPU.Build.0 = Release|Any CPU
		{B34DDC40-C598-4F8B-93CC-F71A82308779}.Debug|Any CPU.ActiveCfg = Debug|Any CPU
		{B34DDC40-C598-4F8B-93CC-F71A82308779}.Debug|Any CPU.Build.0 = Debug|Any CPU
		{B34DDC40-C598-4F8B-93CC-F71A82308779}.Release|Any CPU.ActiveCfg = Release|Any CPU
		{B34DDC40-C598-4F8B-93CC-F71A82308779}.Release|Any CPU.Build.0 = Release|Any CPU
		{63611263-018F-4CE8-A8F7-755E84DB975A}.Debug|Any CPU.ActiveCfg = Debug|Any CPU
		{63611263-018F-4CE8-A8F7-755E84DB975A}.Debug|Any CPU.Build.0 = Debug|Any CPU
		{63611263-018F-4CE8-A8F7-755E84DB975A}.Release|Any CPU.ActiveCfg = Release|Any CPU
		{63611263-018F-4CE8-A8F7-755E84DB975A}.Release|Any CPU.Build.0 = Release|Any CPU
		{F2A8C457-3B4F-4BB9-B79A-835EAB76AB8F}.Debug|Any CPU.ActiveCfg = Debug|Any CPU
		{F2A8C457-3B4F-4BB9-B79A-835EAB76AB8F}.Debug|Any CPU.Build.0 = Debug|Any CPU
		{F2A8C457-3B4F-4BB9-B79A-835EAB76AB8F}.Release|Any CPU.ActiveCfg = Release|Any CPU
		{F2A8C457-3B4F-4BB9-B79A-835EAB76AB8F}.Release|Any CPU.Build.0 = Release|Any CPU
		{0D6A1EC1-5A25-45C7-B611-13ECDA21E787}.Debug|Any CPU.ActiveCfg = Debug|Any CPU
		{0D6A1EC1-5A25-45C7-B611-13ECDA21E787}.Debug|Any CPU.Build.0 = Debug|Any CPU
		{0D6A1EC1-5A25-45C7-B611-13ECDA21E787}.Release|Any CPU.ActiveCfg = Release|Any CPU
		{0D6A1EC1-5A25-45C7-B611-13ECDA21E787}.Release|Any CPU.Build.0 = Release|Any CPU
	EndGlobalSection
	GlobalSection(SolutionProperties) = preSolution
		HideSolutionNode = FALSE
	EndGlobalSection
EndGlobal
